PODS:
  - desktop_multi_window (0.0.1):
    - FlutterMacOS
  - flutter_local_notifications (0.0.1):
    - FlutterMacOS
  - FlutterMacOS (1.0.0)
  - screen_retriever_macos (0.0.1):
    - FlutterMacOS
  - shared_preferences_foundation (0.0.1):
    - Flutter
    - FlutterMacOS
  - system_tray (0.0.1):
    - FlutterMacOS
  - window_manager (0.5.0):
    - FlutterMacOS

DEPENDENCIES:
  - desktop_multi_window (from `Flutter/ephemeral/.symlinks/plugins/desktop_multi_window/macos`)
  - flutter_local_notifications (from `Flutter/ephemeral/.symlinks/plugins/flutter_local_notifications/macos`)
  - FlutterMacOS (from `Flutter/ephemeral`)
  - screen_retriever_macos (from `Flutter/ephemeral/.symlinks/plugins/screen_retriever_macos/macos`)
  - shared_preferences_foundation (from `Flutter/ephemeral/.symlinks/plugins/shared_preferences_foundation/darwin`)
  - system_tray (from `Flutter/ephemeral/.symlinks/plugins/system_tray/macos`)
  - window_manager (from `Flutter/ephemeral/.symlinks/plugins/window_manager/macos`)

EXTERNAL SOURCES:
  desktop_multi_window:
    :path: Flutter/ephemeral/.symlinks/plugins/desktop_multi_window/macos
  flutter_local_notifications:
    :path: Flutter/ephemeral/.symlinks/plugins/flutter_local_notifications/macos
  FlutterMacOS:
    :path: Flutter/ephemeral
  screen_retriever_macos:
    :path: Flutter/ephemeral/.symlinks/plugins/screen_retriever_macos/macos
  shared_preferences_foundation:
    :path: Flutter/ephemeral/.symlinks/plugins/shared_preferences_foundation/darwin
  system_tray:
    :path: Flutter/ephemeral/.symlinks/plugins/system_tray/macos
  window_manager:
    :path: Flutter/ephemeral/.symlinks/plugins/window_manager/macos

SPEC CHECKSUMS:
  desktop_multi_window: 93667594ccc4b88d91a97972fd3b1b89667fa80a
  flutter_local_notifications: 7e5a17a1dbc00d83dc10d43c2c4c05f2ceed233c
  FlutterMacOS: d0db08ddef1a9af05a5ec4b724367152bb0500b1
  screen_retriever_macos: 452e51764a9e1cdb74b3c541238795849f21557f
  shared_preferences_foundation: 7036424c3d8ec98dfe75ff1667cb0cd531ec82bb
  system_tray: 53f0cdb020c3fbee711d3fe45ae7ce730e033d2b
  window_manager: b729e31d38fb04905235df9ea896128991cad99e

PODFILE CHECKSUM: 54d867c82ac51cbd61b565781b9fada492027009

COCOAPODS: 1.16.2
